// !$*UTF8*$!
{
	archiveVersion = 1;
	classes = {
	};
	objectVersion = 46;
	objects = {

/* Begin PBXBuildFile section */
		D6CF75EB1C91597A00884926 /* NSObject+Swizzle.m in Sources */ = {isa = PBXBuildFile; fileRef = D6CF75E61C91597A00884926 /* NSObject+Swizzle.m */; };
		D6CF75ED1C91597A00884926 /* UIView+Radius.m in Sources */ = {isa = PBXBuildFile; fileRef = D6CF75EA1C91597A00884926 /* UIView+Radius.m */; };
		D6CF78C41C91662700884926 /* AppDelegate.m in Sources */ = {isa = PBXBuildFile; fileRef = D6CF78B91C91662700884926 /* AppDelegate.m */; };
		D6CF78C51C91662700884926 /* Assets.xcassets in Resources */ = {isa = PBXBuildFile; fileRef = D6CF78BA1C91662700884926 /* Assets.xcassets */; };
		D6CF78C61C91662700884926 /* LaunchScreen.storyboard in Resources */ = {isa = PBXBuildFile; fileRef = D6CF78BB1C91662700884926 /* LaunchScreen.storyboard */; };
		D6CF78C71C91662700884926 /* Main.storyboard in Resources */ = {isa = PBXBuildFile; fileRef = D6CF78BD1C91662700884926 /* Main.storyboard */; };
		D6CF78C81C91662700884926 /* Info.plist in Resources */ = {isa = PBXBuildFile; fileRef = D6CF78BF1C91662700884926 /* Info.plist */; };
		D6CF78C91C91662700884926 /* main.m in Sources */ = {isa = PBXBuildFile; fileRef = D6CF78C01C91662700884926 /* main.m */; };
		D6CF78CB1C91662700884926 /* ViewController.m in Sources */ = {isa = PBXBuildFile; fileRef = D6CF78C31C91662700884926 /* ViewController.m */; };
		D6CF78CE1C91666900884926 /* UITableView+CornerRadius.m in Sources */ = {isa = PBXBuildFile; fileRef = D6CF78CD1C91666900884926 /* UITableView+CornerRadius.m */; };
/* End PBXBuildFile section */

/* Begin PBXFileReference section */
		D6CF75CA1C9158AE00884926 /* UITableView+CornerRadius.app */ = {isa = PBXFileReference; explicitFileType = wrapper.application; includeInIndex = 0; path = "UITableView+CornerRadius.app"; sourceTree = BUILT_PRODUCTS_DIR; };
		D6CF75E51C91597A00884926 /* NSObject+Swizzle.h */ = {isa = PBXFileReference; fileEncoding = 4; lastKnownFileType = sourcecode.c.h; path = "NSObject+Swizzle.h"; sourceTree = "<group>"; };
		D6CF75E61C91597A00884926 /* NSObject+Swizzle.m */ = {isa = PBXFileReference; fileEncoding = 4; lastKnownFileType = sourcecode.c.objc; path = "NSObject+Swizzle.m"; sourceTree = "<group>"; };
		D6CF75E91C91597A00884926 /* UIView+Radius.h */ = {isa = PBXFileReference; fileEncoding = 4; lastKnownFileType = sourcecode.c.h; path = "UIView+Radius.h"; sourceTree = "<group>"; };
		D6CF75EA1C91597A00884926 /* UIView+Radius.m */ = {isa = PBXFileReference; fileEncoding = 4; lastKnownFileType = sourcecode.c.objc; path = "UIView+Radius.m"; sourceTree = "<group>"; };
		D6CF78B81C91662700884926 /* AppDelegate.h */ = {isa = PBXFileReference; fileEncoding = 4; lastKnownFileType = sourcecode.c.h; path = AppDelegate.h; sourceTree = "<group>"; };
		D6CF78B91C91662700884926 /* AppDelegate.m */ = {isa = PBXFileReference; fileEncoding = 4; lastKnownFileType = sourcecode.c.objc; path = AppDelegate.m; sourceTree = "<group>"; };
		D6CF78BA1C91662700884926 /* Assets.xcassets */ = {isa = PBXFileReference; lastKnownFileType = folder.assetcatalog; path = Assets.xcassets; sourceTree = "<group>"; };
		D6CF78BC1C91662700884926 /* Base */ = {isa = PBXFileReference; lastKnownFileType = file.storyboard; name = Base; path = Base.lproj/LaunchScreen.storyboard; sourceTree = "<group>"; };
		D6CF78BE1C91662700884926 /* Base */ = {isa = PBXFileReference; lastKnownFileType = file.storyboard; name = Base; path = Base.lproj/Main.storyboard; sourceTree = "<group>"; };
		D6CF78BF1C91662700884926 /* Info.plist */ = {isa = PBXFileReference; fileEncoding = 4; lastKnownFileType = text.plist.xml; path = Info.plist; sourceTree = "<group>"; };
		D6CF78C01C91662700884926 /* main.m */ = {isa = PBXFileReference; fileEncoding = 4; lastKnownFileType = sourcecode.c.objc; path = main.m; sourceTree = "<group>"; };
		D6CF78C21C91662700884926 /* ViewController.h */ = {isa = PBXFileReference; fileEncoding = 4; lastKnownFileType = sourcecode.c.h; path = ViewController.h; sourceTree = "<group>"; };
		D6CF78C31C91662700884926 /* ViewController.m */ = {isa = PBXFileReference; fileEncoding = 4; lastKnownFileType = sourcecode.c.objc; path = ViewController.m; sourceTree = "<group>"; };
		D6CF78CC1C91666900884926 /* UITableView+CornerRadius.h */ = {isa = PBXFileReference; fileEncoding = 4; lastKnownFileType = sourcecode.c.h; path = "UITableView+CornerRadius.h"; sourceTree = "<group>"; };
		D6CF78CD1C91666900884926 /* UITableView+CornerRadius.m */ = {isa = PBXFileReference; fileEncoding = 4; lastKnownFileType = sourcecode.c.objc; path = "UITableView+CornerRadius.m"; sourceTree = "<group>"; };
/* End PBXFileReference section */

/* Begin PBXFrameworksBuildPhase section */
		D6CF75C71C9158AE00884926 /* Frameworks */ = {
			isa = PBXFrameworksBuildPhase;
			buildActionMask = 2147483647;
			files = (
			);
			runOnlyForDeploymentPostprocessing = 0;
		};
/* End PBXFrameworksBuildPhase section */

/* Begin PBXGroup section */
		D6CF75C11C9158AE00884926 = {
			isa = PBXGroup;
			children = (
				D6CF78B71C91662700884926 /* Demo */,
				D6CF75E41C91597A00884926 /* UITableView+CornerRadius */,
				D6CF75CB1C9158AE00884926 /* Products */,
			);
			sourceTree = "<group>";
		};
		D6CF75CB1C9158AE00884926 /* Products */ = {
			isa = PBXGroup;
			children = (
				D6CF75CA1C9158AE00884926 /* UITableView+CornerRadius.app */,
			);
			name = Products;
			sourceTree = "<group>";
		};
		D6CF75E41C91597A00884926 /* UITableView+CornerRadius */ = {
			isa = PBXGroup;
			children = (
				D6CF75E51C91597A00884926 /* NSObject+Swizzle.h */,
				D6CF75E61C91597A00884926 /* NSObject+Swizzle.m */,
				D6CF78CC1C91666900884926 /* UITableView+CornerRadius.h */,
				D6CF78CD1C91666900884926 /* UITableView+CornerRadius.m */,
				D6CF75E91C91597A00884926 /* UIView+Radius.h */,
				D6CF75EA1C91597A00884926 /* UIView+Radius.m */,
			);
			path = "UITableView+CornerRadius";
			sourceTree = "<group>";
		};
		D6CF78B71C91662700884926 /* Demo */ = {
			isa = PBXGroup;
			children = (
				D6CF78B81C91662700884926 /* AppDelegate.h */,
				D6CF78B91C91662700884926 /* AppDelegate.m */,
				D6CF78BA1C91662700884926 /* Assets.xcassets */,
				D6CF78BB1C91662700884926 /* LaunchScreen.storyboard */,
				D6CF78BD1C91662700884926 /* Main.storyboard */,
				D6CF78BF1C91662700884926 /* Info.plist */,
				D6CF78C01C91662700884926 /* main.m */,
				D6CF78C21C91662700884926 /* ViewController.h */,
				D6CF78C31C91662700884926 /* ViewController.m */,
			);
			path = Demo;
			sourceTree = "<group>";
		};
/* End PBXGroup section */

/* Begin PBXNativeTarget section */
		D6CF75C91C9158AE00884926 /* UITableView+CornerRadius */ = {
			isa = PBXNativeTarget;
			buildConfigurationList = D6CF75E11C9158AE00884926 /* Build configuration list for PBXNativeTarget "UITableView+CornerRadius" */;
			buildPhases = (
				D6CF75C61C9158AE00884926 /* Sources */,
				D6CF75C71C9158AE00884926 /* Frameworks */,
				D6CF75C81C9158AE00884926 /* Resources */,
			);
			buildRules = (
			);
			dependencies = (
			);
			name = "UITableView+CornerRadius";
			productName = "UITableView+CornerRadius";
			productReference = D6CF75CA1C9158AE00884926 /* UITableView+CornerRadius.app */;
			productType = "com.apple.product-type.application";
		};
/* End PBXNativeTarget section */

/* Begin PBXProject section */
		D6CF75C21C9158AE00884926 /* Project object */ = {
			isa = PBXProject;
			attributes = {
				LastUpgradeCheck = 0720;
				ORGANIZATIONNAME = kirayamato;
				TargetAttributes = {
					D6CF75C91C9158AE00884926 = {
						CreatedOnToolsVersion = 7.2.1;
					};
				};
			};
			buildConfigurationList = D6CF75C51C9158AE00884926 /* Build configuration list for PBXProject "UITableView+CornerRadius" */;
			compatibilityVersion = "Xcode 3.2";
			developmentRegion = English;
			hasScannedForEncodings = 0;
			knownRegions = (
				en,
				Base,
			);
			mainGroup = D6CF75C11C9158AE00884926;
			productRefGroup = D6CF75CB1C9158AE00884926 /* Products */;
			projectDirPath = "";
			projectRoot = "";
			targets = (
				D6CF75C91C9158AE00884926 /* UITableView+CornerRadius */,
			);
		};
/* End PBXProject section */

/* Begin PBXResourcesBuildPhase section */
		D6CF75C81C9158AE00884926 /* Resources */ = {
			isa = PBXResourcesBuildPhase;
			buildActionMask = 2147483647;
			files = (
				D6CF78C81C91662700884926 /* Info.plist in Resources */,
				D6CF78C71C91662700884926 /* Main.storyboard in Resources */,
				D6CF78C51C91662700884926 /* Assets.xcassets in Resources */,
				D6CF78C61C91662700884926 /* LaunchScreen.storyboard in Resources */,
			);
			runOnlyForDeploymentPostprocessing = 0;
		};
/* End PBXResourcesBuildPhase section */

/* Begin PBXSourcesBuildPhase section */
		D6CF75C61C9158AE00884926 /* Sources */ = {
			isa = PBXSourcesBuildPhase;
			buildActionMask = 2147483647;
			files = (
				D6CF78CB1C91662700884926 /* ViewController.m in Sources */,
				D6CF78C91C91662700884926 /* main.m in Sources */,
				D6CF78CE1C91666900884926 /* UITableView+CornerRadius.m in Sources */,
				D6CF78C41C91662700884926 /* AppDelegate.m in Sources */,
				D6CF75EB1C91597A00884926 /* NSObject+Swizzle.m in Sources */,
				D6CF75ED1C91597A00884926 /* UIView+Radius.m in Sources */,
			);
			runOnlyForDeploymentPostprocessing = 0;
		};
/* End PBXSourcesBuildPhase section */

/* Begin PBXVariantGroup section */
		D6CF78BB1C91662700884926 /* LaunchScreen.storyboard */ = {
			isa = PBXVariantGroup;
			children = (
				D6CF78BC1C91662700884926 /* Base */,
			);
			name = LaunchScreen.storyboard;
			sourceTree = "<group>";
		};
		D6CF78BD1C91662700884926 /* Main.storyboard */ = {
			isa = PBXVariantGroup;
			children = (
				D6CF78BE1C91662700884926 /* Base */,
			);
			name = Main.storyboard;
			sourceTree = "<group>";
		};
/* End PBXVariantGroup section */

/* Begin XCBuildConfiguration section */
		D6CF75DF1C9158AE00884926 /* Debug */ = {
			isa = XCBuildConfiguration;
			buildSettings = {
				ALWAYS_SEARCH_USER_PATHS = NO;
				CLANG_CXX_LANGUAGE_STANDARD = "gnu++0x";
				CLANG_CXX_LIBRARY = "libc++";
				CLANG_ENABLE_MODULES = YES;
				CLANG_ENABLE_OBJC_ARC = YES;
				CLANG_WARN_BOOL_CONVERSION = YES;
				CLANG_WARN_CONSTANT_CONVERSION = YES;
				CLANG_WARN_DIRECT_OBJC_ISA_USAGE = YES_ERROR;
				CLANG_WARN_EMPTY_BODY = YES;
				CLANG_WARN_ENUM_CONVERSION = YES;
				CLANG_WARN_INT_CONVERSION = YES;
				CLANG_WARN_OBJC_ROOT_CLASS = YES_ERROR;
				CLANG_WARN_UNREACHABLE_CODE = YES;
				CLANG_WARN__DUPLICATE_METHOD_MATCH = YES;
				"CODE_SIGN_IDENTITY[sdk=iphoneos*]" = "iPhone Developer";
				COPY_PHASE_STRIP = NO;
				DEBUG_INFORMATION_FORMAT = dwarf;
				ENABLE_STRICT_OBJC_MSGSEND = YES;
				ENABLE_TESTABILITY = YES;
				GCC_C_LANGUAGE_STANDARD = gnu99;
				GCC_DYNAMIC_NO_PIC = NO;
				GCC_NO_COMMON_BLOCKS = YES;
				GCC_OPTIMIZATION_LEVEL = 0;
				GCC_PREPROCESSOR_DEFINITIONS = (
					"DEBUG=1",
					"$(inherited)",
				);
				GCC_WARN_64_TO_32_BIT_CONVERSION = YES;
				GCC_WARN_ABOUT_RETURN_TYPE = YES_ERROR;
				GCC_WARN_UNDECLARED_SELECTOR = YES;
				GCC_WARN_UNINITIALIZED_AUTOS = YES_AGGRESSIVE;
				GCC_WARN_UNUSED_FUNCTION = YES;
				GCC_WARN_UNUSED_VARIABLE = YES;
				IPHONEOS_DEPLOYMENT_TARGET = 9.2;
				MTL_ENABLE_DEBUG_INFO = YES;
				ONLY_ACTIVE_ARCH = YES;
				SDKROOT = iphoneos;
			};
			name = Debug;
		};
		D6CF75E01C9158AE00884926 /* Release */ = {
			isa = XCBuildConfiguration;
			buildSettings = {
				ALWAYS_SEARCH_USER_PATHS = NO;
				CLANG_CXX_LANGUAGE_STANDARD = "gnu++0x";
				CLANG_CXX_LIBRARY = "libc++";
				CLANG_ENABLE_MODULES = YES;
				CLANG_ENABLE_OBJC_ARC = YES;
				CLANG_WARN_BOOL_CONVERSION = YES;
				CLANG_WARN_CONSTANT_CONVERSION = YES;
				CLANG_WARN_DIRECT_OBJC_ISA_USAGE = YES_ERROR;
				CLANG_WARN_EMPTY_BODY = YES;
				CLANG_WARN_ENUM_CONVERSION = YES;
				CLANG_WARN_INT_CONVERSION = YES;
				CLANG_WARN_OBJC_ROOT_CLASS = YES_ERROR;
				CLANG_WARN_UNREACHABLE_CODE = YES;
				CLANG_WARN__DUPLICATE_METHOD_MATCH = YES;
				"CODE_SIGN_IDENTITY[sdk=iphoneos*]" = "iPhone Developer";
				COPY_PHASE_STRIP = NO;
				DEBUG_INFORMATION_FORMAT = "dwarf-with-dsym";
				ENABLE_NS_ASSERTIONS = NO;
				ENABLE_STRICT_OBJC_MSGSEND = YES;
				GCC_C_LANGUAGE_STANDARD = gnu99;
				GCC_NO_COMMON_BLOCKS = YES;
				GCC_WARN_64_TO_32_BIT_CONVERSION = YES;
				GCC_WARN_ABOUT_RETURN_TYPE = YES_ERROR;
				GCC_WARN_UNDECLARED_SELECTOR = YES;
				GCC_WARN_UNINITIALIZED_AUTOS = YES_AGGRESSIVE;
				GCC_WARN_UNUSED_FUNCTION = YES;
				GCC_WARN_UNUSED_VARIABLE = YES;
				IPHONEOS_DEPLOYMENT_TARGET = 9.2;
				MTL_ENABLE_DEBUG_INFO = NO;
				SDKROOT = iphoneos;
				VALIDATE_PRODUCT = YES;
			};
			name = Release;
		};
		D6CF75E21C9158AE00884926 /* Debug */ = {
			isa = XCBuildConfiguration;
			buildSettings = {
				ASSETCATALOG_COMPILER_APPICON_NAME = AppIcon;
				INFOPLIST_FILE = Demo/Info.plist;
				LD_RUNPATH_SEARCH_PATHS = "$(inherited) @executable_path/Frameworks";
				PRODUCT_BUNDLE_IDENTIFIER = "com.kirayamato.UITableView-CornerRadius";
				PRODUCT_NAME = "$(TARGET_NAME)";
			};
			name = Debug;
		};
		D6CF75E31C9158AE00884926 /* Release */ = {
			isa = XCBuildConfiguration;
			buildSettings = {
				ASSETCATALOG_COMPILER_APPICON_NAME = AppIcon;
				INFOPLIST_FILE = Demo/Info.plist;
				LD_RUNPATH_SEARCH_PATHS = "$(inherited) @executable_path/Frameworks";
				PRODUCT_BUNDLE_IDENTIFIER = "com.kirayamato.UITableView-CornerRadius";
				PRODUCT_NAME = "$(TARGET_NAME)";
			};
			name = Release;
		};
/* End XCBuildConfiguration section */

/* Begin XCConfigurationList section */
		D6CF75C51C9158AE00884926 /* Build configuration list for PBXProject "UITableView+CornerRadius" */ = {
			isa = XCConfigurationList;
			buildConfigurations = (
				D6CF75DF1C9158AE00884926 /* Debug */,
				D6CF75E01C9158AE00884926 /* Release */,
			);
			defaultConfigurationIsVisible = 0;
			defaultConfigurationName = Release;
		};
		D6CF75E11C9158AE00884926 /* Build configuration list for PBXNativeTarget "UITableView+CornerRadius" */ = {
			isa = XCConfigurationList;
			buildConfigurations = (
				D6CF75E21C9158AE00884926 /* Debug */,
				D6CF75E31C9158AE00884926 /* Release */,
			);
			defaultConfigurationIsVisible = 0;
			defaultConfigurationName = Release;
		};
/* End XCConfigurationList section */
	};
	rootObject = D6CF75C21C9158AE00884926 /* Project object */;
}
